// !$*UTF8*$!
{
	archiveVersion = 1;
	classes = {
	};
	objectVersion = 50;
	objects = {

/* Begin PBXBuildFile section */
		4F7C1F4F2279B84F00A6FD81 /* AppDelegate.swift in Sources */ = {isa = PBXBuildFile; fileRef = 4F7C1F4E2279B84F00A6FD81 /* AppDelegate.swift */; };
		4F7C1F512279B84F00A6FD81 /* ViewController.swift in Sources */ = {isa = PBXBuildFile; fileRef = 4F7C1F502279B84F00A6FD81 /* ViewController.swift */; };
		4F7C1F542279B84F00A6FD81 /* Main.storyboard in Resources */ = {isa = PBXBuildFile; fileRef = 4F7C1F522279B84F00A6FD81 /* Main.storyboard */; };
		4F7C1F562279B85000A6FD81 /* Assets.xcassets in Resources */ = {isa = PBXBuildFile; fileRef = 4F7C1F552279B85000A6FD81 /* Assets.xcassets */; };
		4F7C1F592279B85000A6FD81 /* LaunchScreen.storyboard in Resources */ = {isa = PBXBuildFile; fileRef = 4F7C1F572279B85000A6FD81 /* LaunchScreen.storyboard */; };
		4F7C1F642279B9AE00A6FD81 /* DataSet .swift in Sources */ = {isa = PBXBuildFile; fileRef = 4F7C1F632279B9AE00A6FD81 /* DataSet .swift */; };
		4F875993227A1C9D00C5593D /* FoodCategory.swift in Sources */ = {isa = PBXBuildFile; fileRef = 4F875992227A1C9D00C5593D /* FoodCategory.swift */; };
		4F875995227A24F800C5593D /* Recipe.swift in Sources */ = {isa = PBXBuildFile; fileRef = 4F875994227A24F800C5593D /* Recipe.swift */; };
		4FCB4D10227AE3BD0083A8B4 /* CategoryCell.swift in Sources */ = {isa = PBXBuildFile; fileRef = 4FCB4D0F227AE3BC0083A8B4 /* CategoryCell.swift */; };
/* End PBXBuildFile section */

/* Begin PBXFileReference section */
		4F7C1F4B2279B84F00A6FD81 /* GoodEatins.app */ = {isa = PBXFileReference; explicitFileType = wrapper.application; includeInIndex = 0; path = GoodEatins.app; sourceTree = BUILT_PRODUCTS_DIR; };
		4F7C1F4E2279B84F00A6FD81 /* AppDelegate.swift */ = {isa = PBXFileReference; lastKnownFileType = sourcecode.swift; path = AppDelegate.swift; sourceTree = "<group>"; };
		4F7C1F502279B84F00A6FD81 /* ViewController.swift */ = {isa = PBXFileReference; lastKnownFileType = sourcecode.swift; path = ViewController.swift; sourceTree = "<group>"; };
		4F7C1F532279B84F00A6FD81 /* Base */ = {isa = PBXFileReference; lastKnownFileType = file.storyboard; name = Base; path = Base.lproj/Main.storyboard; sourceTree = "<group>"; };
		4F7C1F552279B85000A6FD81 /* Assets.xcassets */ = {isa = PBXFileReference; lastKnownFileType = folder.assetcatalog; path = Assets.xcassets; sourceTree = "<group>"; };
		4F7C1F582279B85000A6FD81 /* Base */ = {isa = PBXFileReference; lastKnownFileType = file.storyboard; name = Base; path = Base.lproj/LaunchScreen.storyboard; sourceTree = "<group>"; };
		4F7C1F5A2279B85000A6FD81 /* Info.plist */ = {isa = PBXFileReference; lastKnownFileType = text.plist.xml; path = Info.plist; sourceTree = "<group>"; };
		4F7C1F632279B9AE00A6FD81 /* DataSet .swift */ = {isa = PBXFileReference; lastKnownFileType = sourcecode.swift; path = "DataSet .swift"; sourceTree = "<group>"; };
		4F875992227A1C9D00C5593D /* FoodCategory.swift */ = {isa = PBXFileReference; lastKnownFileType = sourcecode.swift; path = FoodCategory.swift; sourceTree = "<group>"; };
		4F875994227A24F800C5593D /* Recipe.swift */ = {isa = PBXFileReference; lastKnownFileType = sourcecode.swift; path = Recipe.swift; sourceTree = "<group>"; };
		4FCB4D0F227AE3BC0083A8B4 /* CategoryCell.swift */ = {isa = PBXFileReference; lastKnownFileType = sourcecode.swift; path = CategoryCell.swift; sourceTree = "<group>"; };
/* End PBXFileReference section */

/* Begin PBXFrameworksBuildPhase section */
		4F7C1F482279B84F00A6FD81 /* Frameworks */ = {
			isa = PBXFrameworksBuildPhase;
			buildActionMask = 2147483647;
			files = (
			);
			runOnlyForDeploymentPostprocessing = 0;
		};
/* End PBXFrameworksBuildPhase section */

/* Begin PBXGroup section */
		4F7C1F422279B84F00A6FD81 = {
			isa = PBXGroup;
			children = (
				4F7C1F4D2279B84F00A6FD81 /* GoodEatins */,
				4F7C1F4C2279B84F00A6FD81 /* Products */,
			);
			sourceTree = "<group>";
		};
		4F7C1F4C2279B84F00A6FD81 /* Products */ = {
			isa = PBXGroup;
			children = (
				4F7C1F4B2279B84F00A6FD81 /* GoodEatins.app */,
			);
			name = Products;
			sourceTree = "<group>";
		};
		4F7C1F4D2279B84F00A6FD81 /* GoodEatins */ = {
			isa = PBXGroup;
			children = (
				4F7C1F612279B96F00A6FD81 /* Model */,
				4F7C1F602279B96700A6FD81 /* View */,
				4F7C1F622279B97400A6FD81 /* Controller */,
				4F7C1F4E2279B84F00A6FD81 /* AppDelegate.swift */,
				4F7C1F522279B84F00A6FD81 /* Main.storyboard */,
				4F7C1F552279B85000A6FD81 /* Assets.xcassets */,
				4F7C1F572279B85000A6FD81 /* LaunchScreen.storyboard */,
				4F7C1F5A2279B85000A6FD81 /* Info.plist */,
			);
			path = GoodEatins;
			sourceTree = "<group>";
		};
		4F7C1F602279B96700A6FD81 /* View */ = {
			isa = PBXGroup;
			children = (
				4FCB4D0F227AE3BC0083A8B4 /* CategoryCell.swift */,
			);
			path = View;
			sourceTree = "<group>";
		};
		4F7C1F612279B96F00A6FD81 /* Model */ = {
			isa = PBXGroup;
			children = (
				4F7C1F632279B9AE00A6FD81 /* DataSet .swift */,
				4F875992227A1C9D00C5593D /* FoodCategory.swift */,
				4F875994227A24F800C5593D /* Recipe.swift */,
			);
			path = Model;
			sourceTree = "<group>";
		};
		4F7C1F622279B97400A6FD81 /* Controller */ = {
			isa = PBXGroup;
			children = (
				4F7C1F502279B84F00A6FD81 /* ViewController.swift */,
			);
			path = Controller;
			sourceTree = "<group>";
		};
/* End PBXGroup section */

/* Begin PBXNativeTarget section */
		4F7C1F4A2279B84F00A6FD81 /* GoodEatins */ = {
			isa = PBXNativeTarget;
			buildConfigurationList = 4F7C1F5D2279B85000A6FD81 /* Build configuration list for PBXNativeTarget "GoodEatins" */;
			buildPhases = (
				4F7C1F472279B84F00A6FD81 /* Sources */,
				4F7C1F482279B84F00A6FD81 /* Frameworks */,
				4F7C1F492279B84F00A6FD81 /* Resources */,
			);
			buildRules = (
			);
			dependencies = (
			);
			name = GoodEatins;
			productName = GoodEatins;
			productReference = 4F7C1F4B2279B84F00A6FD81 /* GoodEatins.app */;
			productType = "com.apple.product-type.application";
		};
/* End PBXNativeTarget section */

/* Begin PBXProject section */
		4F7C1F432279B84F00A6FD81 /* Project object */ = {
			isa = PBXProject;
			attributes = {
				LastSwiftUpdateCheck = 1020;
				LastUpgradeCheck = 1020;
				ORGANIZATIONNAME = anna.sibirtseva;
				TargetAttributes = {
					4F7C1F4A2279B84F00A6FD81 = {
						CreatedOnToolsVersion = 10.2;
					};
				};
			};
			buildConfigurationList = 4F7C1F462279B84F00A6FD81 /* Build configuration list for PBXProject "GoodEatins" */;
			compatibilityVersion = "Xcode 9.3";
			developmentRegion = en;
			hasScannedForEncodings = 0;
			knownRegions = (
				en,
				Base,
			);
			mainGroup = 4F7C1F422279B84F00A6FD81;
			productRefGroup = 4F7C1F4C2279B84F00A6FD81 /* Products */;
			projectDirPath = "";
			projectRoot = "";
			targets = (
				4F7C1F4A2279B84F00A6FD81 /* GoodEatins */,
			);
		};
/* End PBXProject section */

/* Begin PBXResourcesBuildPhase section */
		4F7C1F492279B84F00A6FD81 /* Resources */ = {
			isa = PBXResourcesBuildPhase;
			buildActionMask = 2147483647;
			files = (
				4F7C1F592279B85000A6FD81 /* LaunchScreen.storyboard in Resources */,
				4F7C1F562279B85000A6FD81 /* Assets.xcassets in Resources */,
				4F7C1F542279B84F00A6FD81 /* Main.storyboard in Resources */,
			);
			runOnlyForDeploymentPostprocessing = 0;
		};
/* End PBXResourcesBuildPhase section */

/* Begin PBXSourcesBuildPhase section */
		4F7C1F472279B84F00A6FD81 /* Sources */ = {
			isa = PBXSourcesBuildPhase;
			buildActionMask = 2147483647;
			files = (
				4F7C1F642279B9AE00A6FD81 /* DataSet .swift in Sources */,
				4F7C1F512279B84F00A6FD81 /* ViewController.swift in Sources */,
				4F7C1F4F2279B84F00A6FD81 /* AppDelegate.swift in Sources */,
				4F875993227A1C9D00C5593D /* FoodCategory.swift in Sources */,
				4F875995227A24F800C5593D /* Recipe.swift in Sources */,
				4FCB4D10227AE3BD0083A8B4 /* CategoryCell.swift in Sources */,
			);
			runOnlyForDeploymentPostprocessing = 0;
		};
/* End PBXSourcesBuildPhase section */

/* Begin PBXVariantGroup section */
		4F7C1F522279B84F00A6FD81 /* Main.storyboard */ = {
			isa = PBXVariantGroup;
			children = (
				4F7C1F532279B84F00A6FD81 /* Base */,
			);
			name = Main.storyboard;
			sourceTree = "<group>";
		};
		4F7C1F572279B85000A6FD81 /* LaunchScreen.storyboard */ = {
			isa = PBXVariantGroup;
			children = (
				4F7C1F582279B85000A6FD81 /* Base */,
			);
			name = LaunchScreen.storyboard;
			sourceTree = "<group>";
		};
/* End PBXVariantGroup section */

/* Begin XCBuildConfiguration section */
		4F7C1F5B2279B85000A6FD81 /* Debug */ = {
			isa = XCBuildConfiguration;
			buildSettings = {
				ALWAYS_SEARCH_USER_PATHS = NO;
				CLANG_ANALYZER_NONNULL = YES;
				CLANG_ANALYZER_NUMBER_OBJECT_CONVERSION = YES_AGGRESSIVE;
				CLANG_CXX_LANGUAGE_STANDARD = "gnu++14";
				CLANG_CXX_LIBRARY = "libc++";
				CLANG_ENABLE_MODULES = YES;
				CLANG_ENABLE_OBJC_ARC = YES;
				CLANG_ENABLE_OBJC_WEAK = YES;
				CLANG_WARN_BLOCK_CAPTURE_AUTORELEASING = YES;
				CLANG_WARN_BOOL_CONVERSION = YES;
				CLANG_WARN_COMMA = YES;
				CLANG_WARN_CONSTANT_CONVERSION = YES;
				CLANG_WARN_DEPRECATED_OBJC_IMPLEMENTATIONS = YES;
				CLANG_WARN_DIRECT_OBJC_ISA_USAGE = YES_ERROR;
				CLANG_WARN_DOCUMENTATION_COMMENTS = YES;
				CLANG_WARN_EMPTY_BODY = YES;
				CLANG_WARN_ENUM_CONVERSION = YES;
				CLANG_WARN_INFINITE_RECURSION = YES;
				CLANG_WARN_INT_CONVERSION = YES;
				CLANG_WARN_NON_LITERAL_NULL_CONVERSION = YES;
				CLANG_WARN_OBJC_IMPLICIT_RETAIN_SELF = YES;
				CLANG_WARN_OBJC_LITERAL_CONVERSION = YES;
				CLANG_WARN_OBJC_ROOT_CLASS = YES_ERROR;
				CLANG_WARN_RANGE_LOOP_ANALYSIS = YES;
				CLANG_WARN_STRICT_PROTOTYPES = YES;
				CLANG_WARN_SUSPICIOUS_MOVE = YES;
				CLANG_WARN_UNGUARDED_AVAILABILITY = YES_AGGRESSIVE;
				CLANG_WARN_UNREACHABLE_CODE = YES;
				CLANG_WARN__DUPLICATE_METHOD_MATCH = YES;
				CODE_SIGN_IDENTITY = "iPhone Developer";
				COPY_PHASE_STRIP = NO;
				DEBUG_INFORMATION_FORMAT = dwarf;
				ENABLE_STRICT_OBJC_MSGSEND = YES;
				ENABLE_TESTABILITY = YES;
				GCC_C_LANGUAGE_STANDARD = gnu11;
				GCC_DYNAMIC_NO_PIC = NO;
				GCC_NO_COMMON_BLOCKS = YES;
				GCC_OPTIMIZATION_LEVEL = 0;
				GCC_PREPROCESSOR_DEFINITIONS = (
					"DEBUG=1",
					"$(inherited)",
				);
				GCC_WARN_64_TO_32_BIT_CONVERSION = YES;
				GCC_WARN_ABOUT_RETURN_TYPE = YES_ERROR;
				GCC_WARN_UNDECLARED_SELECTOR = YES;
				GCC_WARN_UNINITIALIZED_AUTOS = YES_AGGRESSIVE;
				GCC_WARN_UNUSED_FUNCTION = YES;
				GCC_WARN_UNUSED_VARIABLE = YES;
				IPHONEOS_DEPLOYMENT_TARGET = 12.2;
				MTL_ENABLE_DEBUG_INFO = INCLUDE_SOURCE;
				MTL_FAST_MATH = YES;
				ONLY_ACTIVE_ARCH = YES;
				SDKROOT = iphoneos;
				SWIFT_ACTIVE_COMPILATION_CONDITIONS = DEBUG;
				SWIFT_OPTIMIZATION_LEVEL = "-Onone";
			};
			name = Debug;
		};
		4F7C1F5C2279B85000A6FD81 /* Release */ = {
			isa = XCBuildConfiguration;
			buildSettings = {
				ALWAYS_SEARCH_USER_PATHS = NO;
				CLANG_ANALYZER_NONNULL = YES;
				CLANG_ANALYZER_NUMBER_OBJECT_CONVERSION = YES_AGGRESSIVE;
				CLANG_CXX_LANGUAGE_STANDARD = "gnu++14";
				CLANG_CXX_LIBRARY = "libc++";
				CLANG_ENABLE_MODULES = YES;
				CLANG_ENABLE_OBJC_ARC = YES;
				CLANG_ENABLE_OBJC_WEAK = YES;
				CLANG_WARN_BLOCK_CAPTURE_AUTORELEASING = YES;
				CLANG_WARN_BOOL_CONVERSION = YES;
				CLANG_WARN_COMMA = YES;
				CLANG_WARN_CONSTANT_CONVERSION = YES;
				CLANG_WARN_DEPRECATED_OBJC_IMPLEMENTATIONS = YES;
				CLANG_WARN_DIRECT_OBJC_ISA_USAGE = YES_ERROR;
				CLANG_WARN_DOCUMENTATION_COMMENTS = YES;
				CLANG_WARN_EMPTY_BODY = YES;
				CLANG_WARN_ENUM_CONVERSION = YES;
				CLANG_WARN_INFINITE_RECURSION = YES;
				CLANG_WARN_INT_CONVERSION = YES;
				CLANG_WARN_NON_LITERAL_NULL_CONVERSION = YES;
				CLANG_WARN_OBJC_IMPLICIT_RETAIN_SELF = YES;
				CLANG_WARN_OBJC_LITERAL_CONVERSION = YES;
				CLANG_WARN_OBJC_ROOT_CLASS = YES_ERROR;
				CLANG_WARN_RANGE_LOOP_ANALYSIS = YES;
				CLANG_WARN_STRICT_PROTOTYPES = YES;
				CLANG_WARN_SUSPICIOUS_MOVE = YES;
				CLANG_WARN_UNGUARDED_AVAILABILITY = YES_AGGRESSIVE;
				CLANG_WARN_UNREACHABLE_CODE = YES;
				CLANG_WARN__DUPLICATE_METHOD_MATCH = YES;
				CODE_SIGN_IDENTITY = "iPhone Developer";
				COPY_PHASE_STRIP = NO;
				DEBUG_INFORMATION_FORMAT = "dwarf-with-dsym";
				ENABLE_NS_ASSERTIONS = NO;
				ENABLE_STRICT_OBJC_MSGSEND = YES;
				GCC_C_LANGUAGE_STANDARD = gnu11;
				GCC_NO_COMMON_BLOCKS = YES;
				GCC_WARN_64_TO_32_BIT_CONVERSION = YES;
				GCC_WARN_ABOUT_RETURN_TYPE = YES_ERROR;
				GCC_WARN_UNDECLARED_SELECTOR = YES;
				GCC_WARN_UNINITIALIZED_AUTOS = YES_AGGRESSIVE;
				GCC_WARN_UNUSED_FUNCTION = YES;
				GCC_WARN_UNUSED_VARIABLE = YES;
				IPHONEOS_DEPLOYMENT_TARGET = 12.2;
				MTL_ENABLE_DEBUG_INFO = NO;
				MTL_FAST_MATH = YES;
				SDKROOT = iphoneos;
				SWIFT_COMPILATION_MODE = wholemodule;
				SWIFT_OPTIMIZATION_LEVEL = "-O";
				VALIDATE_PRODUCT = YES;
			};
			name = Release;
		};
		4F7C1F5E2279B85000A6FD81 /* Debug */ = {
			isa = XCBuildConfiguration;
			buildSettings = {
				ASSETCATALOG_COMPILER_APPICON_NAME = AppIcon;
				CODE_SIGN_STYLE = Automatic;
				INFOPLIST_FILE = GoodEatins/Info.plist;
				LD_RUNPATH_SEARCH_PATHS = (
					"$(inherited)",
					"@executable_path/Frameworks",
				);
				PRODUCT_BUNDLE_IDENTIFIER = accenture.GoodEatins;
				PRODUCT_NAME = "$(TARGET_NAME)";
				SWIFT_VERSION = 5.0;
				TARGETED_DEVICE_FAMILY = "1,2";
			};
			name = Debug;
		};
		4F7C1F5F2279B85000A6FD81 /* Release */ = {
			isa = XCBuildConfiguration;
			buildSettings = {
				ASSETCATALOG_COMPILER_APPICON_NAME = AppIcon;
				CODE_SIGN_STYLE = Automatic;
				INFOPLIST_FILE = GoodEatins/Info.plist;
				LD_RUNPATH_SEARCH_PATHS = (
					"$(inherited)",
					"@executable_path/Frameworks",
				);
				PRODUCT_BUNDLE_IDENTIFIER = accenture.GoodEatins;
				PRODUCT_NAME = "$(TARGET_NAME)";
				SWIFT_VERSION = 5.0;
				TARGETED_DEVICE_FAMILY = "1,2";
			};
			name = Release;
		};
/* End XCBuildConfiguration section */

/* Begin XCConfigurationList section */
		4F7C1F462279B84F00A6FD81 /* Build configuration list for PBXProject "GoodEatins" */ = {
			isa = XCConfigurationList;
			buildConfigurations = (
				4F7C1F5B2279B85000A6FD81 /* Debug */,
				4F7C1F5C2279B85000A6FD81 /* Release */,
			);
			defaultConfigurationIsVisible = 0;
			defaultConfigurationName = Release;
		};
		4F7C1F5D2279B85000A6FD81 /* Build configuration list for PBXNativeTarget "GoodEatins" */ = {
			isa = XCConfigurationList;
			buildConfigurations = (
				4F7C1F5E2279B85000A6FD81 /* Debug */,
				4F7C1F5F2279B85000A6FD81 /* Release */,
			);
			defaultConfigurationIsVisible = 0;
			defaultConfigurationName = Release;
		};
/* End XCConfigurationList section */
	};
	rootObject = 4F7C1F432279B84F00A6FD81 /* Project object */;
}
